
Microsoft Visual Studio Solution File, Format Version 12.00
# Visual Studio 15
VisualStudioVersion = 15.0.27428.2011
MinimumVisualStudioVersion = 10.0.40219.1
Project("{FAE04EC0-301F-11D3-BF4B-00C04F79EFBC}") = "BuildStatus", "BuildStatus\BuildStatus.csproj", "{1478DE3B-FCC5-4005-918C-708F845F5EFA}"
EndProject
Global
	GlobalSection(SolutionConfigurationPlatforms) = preSolution
		Debug|Any CPU = Debug|Any CPU
		Release|Any CPU = Release|Any CPU
	EndGlobalSection
	GlobalSection(ProjectConfigurationPlatforms) = postSolution
		{1478DE3B-FCC5-4005-918C-708F845F5EFA}.Debug|Any CPU.ActiveCfg = Debug|Any CPU
		{1478DE3B-FCC5-4005-918C-708F845F5EFA}.Debug|Any CPU.Build.0 = Debug|Any CPU
		{1478DE3B-FCC5-4005-918C-708F845F5EFA}.Release|Any CPU.ActiveCfg = Release|Any CPU
		{1478DE3B-FCC5-4005-918C-708F845F5EFA}.Release|Any CPU.Build.0 = Release|Any CPU
	EndGlobalSection
	GlobalSection(SolutionProperties) = preSolution
		HideSolutionNode = FALSE
	EndGlobalSection
	GlobalSection(ExtensibilityGlobals) = postSolution
		SolutionGuid = {343298D0-670C-4B31-BD88-53D57861A74C}
	EndGlobalSection
EndGlobal
